// !$*UTF8*$!
{
	archiveVersion = 1;
	classes = {
	};
	objectVersion = 46;
	objects = {

/* Begin PBXBuildFile section */
		75891F061B2D540B0065DFD7 /* AppDelegate.swift in Sources */ = {isa = PBXBuildFile; fileRef = 75891F051B2D540B0065DFD7 /* AppDelegate.swift */; };
		75891F081B2D540B0065DFD7 /* ViewController.swift in Sources */ = {isa = PBXBuildFile; fileRef = 75891F071B2D540B0065DFD7 /* ViewController.swift */; };
		75891F0B1B2D540B0065DFD7 /* Main.storyboard in Resources */ = {isa = PBXBuildFile; fileRef = 75891F091B2D540B0065DFD7 /* Main.storyboard */; };
		75891F0D1B2D540B0065DFD7 /* Images.xcassets in Resources */ = {isa = PBXBuildFile; fileRef = 75891F0C1B2D540B0065DFD7 /* Images.xcassets */; };
		75891F101B2D540B0065DFD7 /* LaunchScreen.xib in Resources */ = {isa = PBXBuildFile; fileRef = 75891F0E1B2D540B0065DFD7 /* LaunchScreen.xib */; };
		75891F1C1B2D540C0065DFD7 /* crapTests.swift in Sources */ = {isa = PBXBuildFile; fileRef = 75891F1B1B2D540C0065DFD7 /* crapTests.swift */; };
		75891F281B2D542C0065DFD7 /* clap-button.png in Resources */ = {isa = PBXBuildFile; fileRef = 75891F251B2D542C0065DFD7 /* clap-button.png */; };
		75891F291B2D542C0065DFD7 /* clap.wav in Resources */ = {isa = PBXBuildFile; fileRef = 75891F261B2D542C0065DFD7 /* clap.wav */; };
		75891F2A1B2D542C0065DFD7 /* icon.png in Resources */ = {isa = PBXBuildFile; fileRef = 75891F271B2D542C0065DFD7 /* icon.png */; };
/* End PBXBuildFile section */

/* Begin PBXContainerItemProxy section */
		75891F161B2D540C0065DFD7 /* PBXContainerItemProxy */ = {
			isa = PBXContainerItemProxy;
			containerPortal = 75891EF81B2D540B0065DFD7 /* Project object */;
			proxyType = 1;
			remoteGlobalIDString = 75891EFF1B2D540B0065DFD7;
			remoteInfo = crap;
		};
/* End PBXContainerItemProxy section */

/* Begin PBXFileReference section */
		75891F001B2D540B0065DFD7 /* crap.app */ = {isa = PBXFileReference; explicitFileType = wrapper.application; includeInIndex = 0; path = crap.app; sourceTree = BUILT_PRODUCTS_DIR; };
		75891F041B2D540B0065DFD7 /* Info.plist */ = {isa = PBXFileReference; lastKnownFileType = text.plist.xml; path = Info.plist; sourceTree = "<group>"; };
		75891F051B2D540B0065DFD7 /* AppDelegate.swift */ = {isa = PBXFileReference; lastKnownFileType = sourcecode.swift; path = AppDelegate.swift; sourceTree = "<group>"; };
		75891F071B2D540B0065DFD7 /* ViewController.swift */ = {isa = PBXFileReference; lastKnownFileType = sourcecode.swift; path = ViewController.swift; sourceTree = "<group>"; };
		75891F0A1B2D540B0065DFD7 /* Base */ = {isa = PBXFileReference; lastKnownFileType = file.storyboard; name = Base; path = Base.lproj/Main.storyboard; sourceTree = "<group>"; };
		75891F0C1B2D540B0065DFD7 /* Images.xcassets */ = {isa = PBXFileReference; lastKnownFileType = folder.assetcatalog; path = Images.xcassets; sourceTree = "<group>"; };
		75891F0F1B2D540B0065DFD7 /* Base */ = {isa = PBXFileReference; lastKnownFileType = file.xib; name = Base; path = Base.lproj/LaunchScreen.xib; sourceTree = "<group>"; };
		75891F151B2D540C0065DFD7 /* crapTests.xctest */ = {isa = PBXFileReference; explicitFileType = wrapper.cfbundle; includeInIndex = 0; path = crapTests.xctest; sourceTree = BUILT_PRODUCTS_DIR; };
		75891F1A1B2D540C0065DFD7 /* Info.plist */ = {isa = PBXFileReference; lastKnownFileType = text.plist.xml; path = Info.plist; sourceTree = "<group>"; };
		75891F1B1B2D540C0065DFD7 /* crapTests.swift */ = {isa = PBXFileReference; lastKnownFileType = sourcecode.swift; path = crapTests.swift; sourceTree = "<group>"; };
		75891F251B2D542C0065DFD7 /* clap-button.png */ = {isa = PBXFileReference; lastKnownFileType = image.png; path = "clap-button.png"; sourceTree = "<group>"; };
		75891F261B2D542C0065DFD7 /* clap.wav */ = {isa = PBXFileReference; lastKnownFileType = audio.wav; path = clap.wav; sourceTree = "<group>"; };
		75891F271B2D542C0065DFD7 /* icon.png */ = {isa = PBXFileReference; lastKnownFileType = image.png; path = icon.png; sourceTree = "<group>"; };
/* End PBXFileReference section */

/* Begin PBXFrameworksBuildPhase section */
		75891EFD1B2D540B0065DFD7 /* Frameworks */ = {
			isa = PBXFrameworksBuildPhase;
			buildActionMask = 2147483647;
			files = (
			);
			runOnlyForDeploymentPostprocessing = 0;
		};
		75891F121B2D540C0065DFD7 /* Frameworks */ = {
			isa = PBXFrameworksBuildPhase;
			buildActionMask = 2147483647;
			files = (
			);
			runOnlyForDeploymentPostprocessing = 0;
		};
/* End PBXFrameworksBuildPhase section */

/* Begin PBXGroup section */
		75891EF71B2D540B0065DFD7 = {
			isa = PBXGroup;
			children = (
				75891F021B2D540B0065DFD7 /* crap */,
				75891F181B2D540C0065DFD7 /* crapTests */,
				75891F011B2D540B0065DFD7 /* Products */,
			);
			sourceTree = "<group>";
		};
		75891F011B2D540B0065DFD7 /* Products */ = {
			isa = PBXGroup;
			children = (
				75891F001B2D540B0065DFD7 /* crap.app */,
				75891F151B2D540C0065DFD7 /* crapTests.xctest */,
			);
			name = Products;
			sourceTree = "<group>";
		};
		75891F021B2D540B0065DFD7 /* crap */ = {
			isa = PBXGroup;
			children = (
				75891F251B2D542C0065DFD7 /* clap-button.png */,
				75891F261B2D542C0065DFD7 /* clap.wav */,
				75891F271B2D542C0065DFD7 /* icon.png */,
				75891F051B2D540B0065DFD7 /* AppDelegate.swift */,
				75891F071B2D540B0065DFD7 /* ViewController.swift */,
				75891F091B2D540B0065DFD7 /* Main.storyboard */,
				75891F0C1B2D540B0065DFD7 /* Images.xcassets */,
				75891F0E1B2D540B0065DFD7 /* LaunchScreen.xib */,
				75891F031B2D540B0065DFD7 /* Supporting Files */,
			);
			path = crap;
			sourceTree = "<group>";
		};
		75891F031B2D540B0065DFD7 /* Supporting Files */ = {
			isa = PBXGroup;
			children = (
				75891F041B2D540B0065DFD7 /* Info.plist */,
			);
			name = "Supporting Files";
			sourceTree = "<group>";
		};
		75891F181B2D540C0065DFD7 /* crapTests */ = {
			isa = PBXGroup;
			children = (
				75891F1B1B2D540C0065DFD7 /* crapTests.swift */,
				75891F191B2D540C0065DFD7 /* Supporting Files */,
			);
			path = crapTests;
			sourceTree = "<group>";
		};
		75891F191B2D540C0065DFD7 /* Supporting Files */ = {
			isa = PBXGroup;
			children = (
				75891F1A1B2D540C0065DFD7 /* Info.plist */,
			);
			name = "Supporting Files";
			sourceTree = "<group>";
		};
/* End PBXGroup section */

/* Begin PBXNativeTarget section */
		75891EFF1B2D540B0065DFD7 /* crap */ = {
			isa = PBXNativeTarget;
			buildConfigurationList = 75891F1F1B2D540C0065DFD7 /* Build configuration list for PBXNativeTarget "crap" */;
			buildPhases = (
				75891EFC1B2D540B0065DFD7 /* Sources */,
				75891EFD1B2D540B0065DFD7 /* Frameworks */,
				75891EFE1B2D540B0065DFD7 /* Resources */,
			);
			buildRules = (
			);
			dependencies = (
			);
			name = crap;
			productName = crap;
			productReference = 75891F001B2D540B0065DFD7 /* crap.app */;
			productType = "com.apple.product-type.application";
		};
		75891F141B2D540C0065DFD7 /* crapTests */ = {
			isa = PBXNativeTarget;
			buildConfigurationList = 75891F221B2D540C0065DFD7 /* Build configuration list for PBXNativeTarget "crapTests" */;
			buildPhases = (
				75891F111B2D540C0065DFD7 /* Sources */,
				75891F121B2D540C0065DFD7 /* Frameworks */,
				75891F131B2D540C0065DFD7 /* Resources */,
			);
			buildRules = (
			);
			dependencies = (
				75891F171B2D540C0065DFD7 /* PBXTargetDependency */,
			);
			name = crapTests;
			productName = crapTests;
			productReference = 75891F151B2D540C0065DFD7 /* crapTests.xctest */;
			productType = "com.apple.product-type.bundle.unit-test";
		};
/* End PBXNativeTarget section */

/* Begin PBXProject section */
		75891EF81B2D540B0065DFD7 /* Project object */ = {
			isa = PBXProject;
			attributes = {
				LastUpgradeCheck = 0630;
				ORGANIZATIONNAME = YUMAKOMORI;
				TargetAttributes = {
					75891EFF1B2D540B0065DFD7 = {
						CreatedOnToolsVersion = 6.3.2;
					};
					75891F141B2D540C0065DFD7 = {
						CreatedOnToolsVersion = 6.3.2;
						TestTargetID = 75891EFF1B2D540B0065DFD7;
					};
				};
			};
			buildConfigurationList = 75891EFB1B2D540B0065DFD7 /* Build configuration list for PBXProject "crap" */;
			compatibilityVersion = "Xcode 3.2";
			developmentRegion = English;
			hasScannedForEncodings = 0;
			knownRegions = (
				en,
				Base,
			);
			mainGroup = 75891EF71B2D540B0065DFD7;
			productRefGroup = 75891F011B2D540B0065DFD7 /* Products */;
			projectDirPath = "";
			projectRoot = "";
			targets = (
				75891EFF1B2D540B0065DFD7 /* crap */,
				75891F141B2D540C0065DFD7 /* crapTests */,
			);
		};
/* End PBXProject section */

/* Begin PBXResourcesBuildPhase section */
		75891EFE1B2D540B0065DFD7 /* Resources */ = {
			isa = PBXResourcesBuildPhase;
			buildActionMask = 2147483647;
			files = (
				75891F291B2D542C0065DFD7 /* clap.wav in Resources */,
				75891F0B1B2D540B0065DFD7 /* Main.storyboard in Resources */,
				75891F2A1B2D542C0065DFD7 /* icon.png in Resources */,
				75891F101B2D540B0065DFD7 /* LaunchScreen.xib in Resources */,
				75891F0D1B2D540B0065DFD7 /* Images.xcassets in Resources */,
				75891F281B2D542C0065DFD7 /* clap-button.png in Resources */,
			);
			runOnlyForDeploymentPostprocessing = 0;
		};
		75891F131B2D540C0065DFD7 /* Resources */ = {
			isa = PBXResourcesBuildPhase;
			buildActionMask = 2147483647;
			files = (
			);
			runOnlyForDeploymentPostprocessing = 0;
		};
/* End PBXResourcesBuildPhase section */

/* Begin PBXSourcesBuildPhase section */
		75891EFC1B2D540B0065DFD7 /* Sources */ = {
			isa = PBXSourcesBuildPhase;
			buildActionMask = 2147483647;
			files = (
				75891F081B2D540B0065DFD7 /* ViewController.swift in Sources */,
				75891F061B2D540B0065DFD7 /* AppDelegate.swift in Sources */,
			);
			runOnlyForDeploymentPostprocessing = 0;
		};
		75891F111B2D540C0065DFD7 /* Sources */ = {
			isa = PBXSourcesBuildPhase;
			buildActionMask = 2147483647;
			files = (
				75891F1C1B2D540C0065DFD7 /* crapTests.swift in Sources */,
			);
			runOnlyForDeploymentPostprocessing = 0;
		};
/* End PBXSourcesBuildPhase section */

/* Begin PBXTargetDependency section */
		75891F171B2D540C0065DFD7 /* PBXTargetDependency */ = {
			isa = PBXTargetDependency;
			target = 75891EFF1B2D540B0065DFD7 /* crap */;
			targetProxy = 75891F161B2D540C0065DFD7 /* PBXContainerItemProxy */;
		};
/* End PBXTargetDependency section */

/* Begin PBXVariantGroup section */
		75891F091B2D540B0065DFD7 /* Main.storyboard */ = {
			isa = PBXVariantGroup;
			children = (
				75891F0A1B2D540B0065DFD7 /* Base */,
			);
			name = Main.storyboard;
			sourceTree = "<group>";
		};
		75891F0E1B2D540B0065DFD7 /* LaunchScreen.xib */ = {
			isa = PBXVariantGroup;
			children = (
				75891F0F1B2D540B0065DFD7 /* Base */,
			);
			name = LaunchScreen.xib;
			sourceTree = "<group>";
		};
/* End PBXVariantGroup section */

/* Begin XCBuildConfiguration section */
		75891F1D1B2D540C0065DFD7 /* Debug */ = {
			isa = XCBuildConfiguration;
			buildSettings = {
				ALWAYS_SEARCH_USER_PATHS = NO;
				CLANG_CXX_LANGUAGE_STANDARD = "gnu++0x";
				CLANG_CXX_LIBRARY = "libc++";
				CLANG_ENABLE_MODULES = YES;
				CLANG_ENABLE_OBJC_ARC = YES;
				CLANG_WARN_BOOL_CONVERSION = YES;
				CLANG_WARN_CONSTANT_CONVERSION = YES;
				CLANG_WARN_DIRECT_OBJC_ISA_USAGE = YES_ERROR;
				CLANG_WARN_EMPTY_BODY = YES;
				CLANG_WARN_ENUM_CONVERSION = YES;
				CLANG_WARN_INT_CONVERSION = YES;
				CLANG_WARN_OBJC_ROOT_CLASS = YES_ERROR;
				CLANG_WARN_UNREACHABLE_CODE = YES;
				CLANG_WARN__DUPLICATE_METHOD_MATCH = YES;
				"CODE_SIGN_IDENTITY[sdk=iphoneos*]" = "iPhone Developer";
				COPY_PHASE_STRIP = NO;
				DEBUG_INFORMATION_FORMAT = "dwarf-with-dsym";
				ENABLE_STRICT_OBJC_MSGSEND = YES;
				GCC_C_LANGUAGE_STANDARD = gnu99;
				GCC_DYNAMIC_NO_PIC = NO;
				GCC_NO_COMMON_BLOCKS = YES;
				GCC_OPTIMIZATION_LEVEL = 0;
				GCC_PREPROCESSOR_DEFINITIONS = (
					"DEBUG=1",
					"$(inherited)",
				);
				GCC_SYMBOLS_PRIVATE_EXTERN = NO;
				GCC_WARN_64_TO_32_BIT_CONVERSION = YES;
				GCC_WARN_ABOUT_RETURN_TYPE = YES_ERROR;
				GCC_WARN_UNDECLARED_SELECTOR = YES;
				GCC_WARN_UNINITIALIZED_AUTOS = YES_AGGRESSIVE;
				GCC_WARN_UNUSED_FUNCTION = YES;
				GCC_WARN_UNUSED_VARIABLE = YES;
				IPHONEOS_DEPLOYMENT_TARGET = 8.3;
				MTL_ENABLE_DEBUG_INFO = YES;
				ONLY_ACTIVE_ARCH = YES;
				SDKROOT = iphoneos;
				SWIFT_OPTIMIZATION_LEVEL = "-Onone";
			};
			name = Debug;
		};
		75891F1E1B2D540C0065DFD7 /* Release */ = {
			isa = XCBuildConfiguration;
			buildSettings = {
				ALWAYS_SEARCH_USER_PATHS = NO;
				CLANG_CXX_LANGUAGE_STANDARD = "gnu++0x";
				CLANG_CXX_LIBRARY = "libc++";
				CLANG_ENABLE_MODULES = YES;
				CLANG_ENABLE_OBJC_ARC = YES;
				CLANG_WARN_BOOL_CONVERSION = YES;
				CLANG_WARN_CONSTANT_CONVERSION = YES;
				CLANG_WARN_DIRECT_OBJC_ISA_USAGE = YES_ERROR;
				CLANG_WARN_EMPTY_BODY = YES;
				CLANG_WARN_ENUM_CONVERSION = YES;
				CLANG_WARN_INT_CONVERSION = YES;
				CLANG_WARN_OBJC_ROOT_CLASS = YES_ERROR;
				CLANG_WARN_UNREACHABLE_CODE = YES;
				CLANG_WARN__DUPLICATE_METHOD_MATCH = YES;
				"CODE_SIGN_IDENTITY[sdk=iphoneos*]" = "iPhone Developer";
				COPY_PHASE_STRIP = NO;
				DEBUG_INFORMATION_FORMAT = "dwarf-with-dsym";
				ENABLE_NS_ASSERTIONS = NO;
				ENABLE_STRICT_OBJC_MSGSEND = YES;
				GCC_C_LANGUAGE_STANDARD = gnu99;
				GCC_NO_COMMON_BLOCKS = YES;
				GCC_WARN_64_TO_32_BIT_CONVERSION = YES;
				GCC_WARN_ABOUT_RETURN_TYPE = YES_ERROR;
				GCC_WARN_UNDECLARED_SELECTOR = YES;
				GCC_WARN_UNINITIALIZED_AUTOS = YES_AGGRESSIVE;
				GCC_WARN_UNUSED_FUNCTION = YES;
				GCC_WARN_UNUSED_VARIABLE = YES;
				IPHONEOS_DEPLOYMENT_TARGET = 8.3;
				MTL_ENABLE_DEBUG_INFO = NO;
				SDKROOT = iphoneos;
				VALIDATE_PRODUCT = YES;
			};
			name = Release;
		};
		75891F201B2D540C0065DFD7 /* Debug */ = {
			isa = XCBuildConfiguration;
			buildSettings = {
				ASSETCATALOG_COMPILER_APPICON_NAME = AppIcon;
				INFOPLIST_FILE = crap/Info.plist;
				LD_RUNPATH_SEARCH_PATHS = "$(inherited) @executable_path/Frameworks";
				PRODUCT_NAME = "$(TARGET_NAME)";
			};
			name = Debug;
		};
		75891F211B2D540C0065DFD7 /* Release */ = {
			isa = XCBuildConfiguration;
			buildSettings = {
				ASSETCATALOG_COMPILER_APPICON_NAME = AppIcon;
				INFOPLIST_FILE = crap/Info.plist;
				LD_RUNPATH_SEARCH_PATHS = "$(inherited) @executable_path/Frameworks";
				PRODUCT_NAME = "$(TARGET_NAME)";
			};
			name = Release;
		};
		75891F231B2D540C0065DFD7 /* Debug */ = {
			isa = XCBuildConfiguration;
			buildSettings = {
				BUNDLE_LOADER = "$(TEST_HOST)";
				FRAMEWORK_SEARCH_PATHS = (
					"$(SDKROOT)/Developer/Library/Frameworks",
					"$(inherited)",
				);
				GCC_PREPROCESSOR_DEFINITIONS = (
					"DEBUG=1",
					"$(inherited)",
				);
				INFOPLIST_FILE = crapTests/Info.plist;
				LD_RUNPATH_SEARCH_PATHS = "$(inherited) @executable_path/Frameworks @loader_path/Frameworks";
				PRODUCT_NAME = "$(TARGET_NAME)";
				TEST_HOST = "$(BUILT_PRODUCTS_DIR)/crap.app/crap";
			};
			name = Debug;
		};
		75891F241B2D540C0065DFD7 /* Release */ = {
			isa = XCBuildConfiguration;
			buildSettings = {
				BUNDLE_LOADER = "$(TEST_HOST)";
				FRAMEWORK_SEARCH_PATHS = (
					"$(SDKROOT)/Developer/Library/Frameworks",
					"$(inherited)",
				);
				INFOPLIST_FILE = crapTests/Info.plist;
				LD_RUNPATH_SEARCH_PATHS = "$(inherited) @executable_path/Frameworks @loader_path/Frameworks";
				PRODUCT_NAME = "$(TARGET_NAME)";
				TEST_HOST = "$(BUILT_PRODUCTS_DIR)/crap.app/crap";
			};
			name = Release;
		};
/* End XCBuildConfiguration section */

/* Begin XCConfigurationList section */
		75891EFB1B2D540B0065DFD7 /* Build configuration list for PBXProject "crap" */ = {
			isa = XCConfigurationList;
			buildConfigurations = (
				75891F1D1B2D540C0065DFD7 /* Debug */,
				75891F1E1B2D540C0065DFD7 /* Release */,
			);
			defaultConfigurationIsVisible = 0;
			defaultConfigurationName = Release;
		};
		75891F1F1B2D540C0065DFD7 /* Build configuration list for PBXNativeTarget "crap" */ = {
			isa = XCConfigurationList;
			buildConfigurations = (
				75891F201B2D540C0065DFD7 /* Debug */,
				75891F211B2D540C0065DFD7 /* Release */,
			);
			defaultConfigurationIsVisible = 0;
		};
		75891F221B2D540C0065DFD7 /* Build configuration list for PBXNativeTarget "crapTests" */ = {
			isa = XCConfigurationList;
			buildConfigurations = (
				75891F231B2D540C0065DFD7 /* Debug */,
				75891F241B2D540C0065DFD7 /* Release */,
			);
			defaultConfigurationIsVisible = 0;
		};
/* End XCConfigurationList section */
	};
	rootObject = 75891EF81B2D540B0065DFD7 /* Project object */;
}
